
Microsoft Visual Studio Solution File, Format Version 11.00
# Visual Studio 2010
Project("{8BC9CEB8-8B4A-11D0-8D11-00A0C91BC942}") = "myTest", "myTest\myTest.vcxproj", "{A2495052-DB9B-4866-BA17-4E3930E93610}"
EndProject
Global
	GlobalSection(SolutionConfigurationPlatforms) = preSolution
		Debug|Win32 = Debug|Win32
		Release|Win32 = Release|Win32
	EndGlobalSection
	GlobalSection(ProjectConfigurationPlatforms) = postSolution
		{A2495052-DB9B-4866-BA17-4E3930E93610}.Debug|Win32.ActiveCfg = Debug|Win32
		{A2495052-DB9B-4866-BA17-4E3930E93610}.Debug|Win32.Build.0 = Debug|Win32
		{A2495052-DB9B-4866-BA17-4E3930E93610}.Release|Win32.ActiveCfg = Release|Win32
		{A2495052-DB9B-4866-BA17-4E3930E93610}.Release|Win32.Build.0 = Release|Win32
	EndGlobalSection
	GlobalSection(SolutionProperties) = preSolution
		HideSolutionNode = FALSE
	EndGlobalSection
EndGlobal
